// !$*UTF8*$!
{
	archiveVersion = 1;
	classes = {
	};
	objectVersion = 56;
	objects = {

/* Begin PBXBuildFile section */
		AA00000100000000000000E /* MusicRankerApp.swift in Sources */ = {isa = PBXBuildFile; fileRef = AA00000100000000000000D /* MusicRankerApp.swift */; };
		AA000001000000000000010 /* ContentView.swift in Sources */ = {isa = PBXBuildFile; fileRef = AA00000100000000000000F /* ContentView.swift */; };
		AA000001000000000000018 /* PersistenceController.swift in Sources */ = {isa = PBXBuildFile; fileRef = AA000001000000000000017 /* PersistenceController.swift */; };
		AA000001000000000000020 /* Assets.xcassets in Resources */ = {isa = PBXBuildFile; fileRef = AA00000100000000000001F /* Assets.xcassets */; };
		AA000001000000000000022 /* MusicRanker.xcdatamodeld in Sources */ = {isa = PBXBuildFile; fileRef = AA000001000000000000021 /* MusicRanker.xcdatamodeld */; };
		BB000001000000000000002 /* AudioPlayerManager.swift in Sources */ = {isa = PBXBuildFile; fileRef = BB000001000000000000001 /* AudioPlayerManager.swift */; };
		BB000001000000000000004 /* HapticManager.swift in Sources */ = {isa = PBXBuildFile; fileRef = BB000001000000000000003 /* HapticManager.swift */; };
		CC000001000000000000002 /* iTunesTrack.swift in Sources */ = {isa = PBXBuildFile; fileRef = CC000001000000000000001 /* iTunesTrack.swift */; };
		DD000001000000000000002 /* DiscoverView.swift in Sources */ = {isa = PBXBuildFile; fileRef = DD000001000000000000001 /* DiscoverView.swift */; };
		DD000001000000000000004 /* LikedSongsView.swift in Sources */ = {isa = PBXBuildFile; fileRef = DD000001000000000000003 /* LikedSongsView.swift */; };
		DD000001000000000000006 /* TasteProfileView.swift in Sources */ = {isa = PBXBuildFile; fileRef = DD000001000000000000005 /* TasteProfileView.swift */; };
		DD000001000000000000008 /* RecommendationEngine.swift in Sources */ = {isa = PBXBuildFile; fileRef = DD000001000000000000007 /* RecommendationEngine.swift */; };
		DD00000100000000000000A /* ForYouView.swift in Sources */ = {isa = PBXBuildFile; fileRef = DD000001000000000000009 /* ForYouView.swift */; };
		EE000001000000000000003 /* iTunesService.swift in Sources */ = {isa = PBXBuildFile; fileRef = EE000001000000000000002 /* iTunesService.swift */; };
		EE000001000000000000005 /* ColorExtractor.swift in Sources */ = {isa = PBXBuildFile; fileRef = EE000001000000000000004 /* ColorExtractor.swift */; };
		EE000001000000000000007 /* TrackDetailView.swift in Sources */ = {isa = PBXBuildFile; fileRef = EE000001000000000000006 /* TrackDetailView.swift */; };
		FF000001000000000000002 /* NowPlayingView.swift in Sources */ = {isa = PBXBuildFile; fileRef = FF000001000000000000001 /* NowPlayingView.swift */; };
		FF000002000000000000002 /* SearchView.swift in Sources */ = {isa = PBXBuildFile; fileRef = FF000002000000000000001 /* SearchView.swift */; };
		FF000003000000000000002 /* LibraryView.swift in Sources */ = {isa = PBXBuildFile; fileRef = FF000003000000000000001 /* LibraryView.swift */; };
		FF000004000000000000002 /* VideoPlayerView.swift in Sources */ = {isa = PBXBuildFile; fileRef = FF000004000000000000001 /* VideoPlayerView.swift */; };
		FF000005000000000000002 /* ExternalMusicProvider.swift in Sources */ = {isa = PBXBuildFile; fileRef = FF000005000000000000001 /* ExternalMusicProvider.swift */; };
		FF000006000000000000002 /* SearchViewModel.swift in Sources */ = {isa = PBXBuildFile; fileRef = FF000006000000000000001 /* SearchViewModel.swift */; };
		FF000007000000000000002 /* PlaylistManager.swift in Sources */ = {isa = PBXBuildFile; fileRef = FF000007000000000000001 /* PlaylistManager.swift */; };
		FF000008000000000000002 /* TrendingService.swift in Sources */ = {isa = PBXBuildFile; fileRef = FF000008000000000000001 /* TrendingService.swift */; };
		FF000009000000000000002 /* MoodManager.swift in Sources */ = {isa = PBXBuildFile; fileRef = FF000009000000000000001 /* MoodManager.swift */; };
		FF00000A000000000000002 /* SurpriseMeGenerator.swift in Sources */ = {isa = PBXBuildFile; fileRef = FF00000A000000000000001 /* SurpriseMeGenerator.swift */; };
		FF00000B000000000000002 /* MusicalMatchService.swift in Sources */ = {isa = PBXBuildFile; fileRef = FF00000B000000000000001 /* MusicalMatchService.swift */; };
/* End PBXBuildFile section */

/* Begin PBXFileReference section */
		83CBB9FA1A601CBA00E9B192 /* MusicRanker.app */ = {isa = PBXFileReference; explicitFileType = wrapper.application; includeInIndex = 0; path = MusicRanker.app; sourceTree = BUILT_PRODUCTS_DIR; };
		AA00000100000000000000D /* MusicRankerApp.swift */ = {isa = PBXFileReference; lastKnownFileType = sourcecode.swift; path = MusicRankerApp.swift; sourceTree = "<group>"; };
		AA00000100000000000000F /* ContentView.swift */ = {isa = PBXFileReference; lastKnownFileType = sourcecode.swift; path = ContentView.swift; sourceTree = "<group>"; };
		AA000001000000000000017 /* PersistenceController.swift */ = {isa = PBXFileReference; lastKnownFileType = sourcecode.swift; path = PersistenceController.swift; sourceTree = "<group>"; };
		AA00000100000000000001D /* Info.plist */ = {isa = PBXFileReference; lastKnownFileType = text.plist.xml; path = Info.plist; sourceTree = "<group>"; };
		AA00000100000000000001E /* MusicRanker.entitlements */ = {isa = PBXFileReference; lastKnownFileType = text.plist.entitlements; path = MusicRanker.entitlements; sourceTree = "<group>"; };
		AA00000100000000000001F /* Assets.xcassets */ = {isa = PBXFileReference; lastKnownFileType = folder.assetcatalog; path = Assets.xcassets; sourceTree = "<group>"; };
		AA000001000000000000021 /* MusicRanker.xcdatamodeld */ = {isa = PBXFileReference; lastKnownFileType = wrapper.xcdatamodel; path = MusicRanker.xcdatamodeld; sourceTree = "<group>"; };
		BB000001000000000000001 /* AudioPlayerManager.swift */ = {isa = PBXFileReference; lastKnownFileType = sourcecode.swift; path = AudioPlayerManager.swift; sourceTree = "<group>"; };
		BB000001000000000000003 /* HapticManager.swift */ = {isa = PBXFileReference; lastKnownFileType = sourcecode.swift; path = HapticManager.swift; sourceTree = "<group>"; };
		CC000001000000000000001 /* iTunesTrack.swift */ = {isa = PBXFileReference; lastKnownFileType = sourcecode.swift; path = iTunesTrack.swift; sourceTree = "<group>"; };
		DD000001000000000000001 /* DiscoverView.swift */ = {isa = PBXFileReference; lastKnownFileType = sourcecode.swift; path = DiscoverView.swift; sourceTree = "<group>"; };
		DD000001000000000000003 /* LikedSongsView.swift */ = {isa = PBXFileReference; lastKnownFileType = sourcecode.swift; path = LikedSongsView.swift; sourceTree = "<group>"; };
		DD000001000000000000005 /* TasteProfileView.swift */ = {isa = PBXFileReference; lastKnownFileType = sourcecode.swift; path = TasteProfileView.swift; sourceTree = "<group>"; };
		DD000001000000000000007 /* RecommendationEngine.swift */ = {isa = PBXFileReference; lastKnownFileType = sourcecode.swift; path = RecommendationEngine.swift; sourceTree = "<group>"; };
		DD000001000000000000009 /* ForYouView.swift */ = {isa = PBXFileReference; lastKnownFileType = sourcecode.swift; path = ForYouView.swift; sourceTree = "<group>"; };
		EE000001000000000000002 /* iTunesService.swift */ = {isa = PBXFileReference; lastKnownFileType = sourcecode.swift; path = iTunesService.swift; sourceTree = "<group>"; };
		EE000001000000000000004 /* ColorExtractor.swift */ = {isa = PBXFileReference; lastKnownFileType = sourcecode.swift; path = ColorExtractor.swift; sourceTree = "<group>"; };
		EE000001000000000000006 /* TrackDetailView.swift */ = {isa = PBXFileReference; lastKnownFileType = sourcecode.swift; path = TrackDetailView.swift; sourceTree = "<group>"; };
		FF000001000000000000001 /* NowPlayingView.swift */ = {isa = PBXFileReference; lastKnownFileType = sourcecode.swift; path = NowPlayingView.swift; sourceTree = "<group>"; };
		FF000002000000000000001 /* SearchView.swift */ = {isa = PBXFileReference; lastKnownFileType = sourcecode.swift; path = SearchView.swift; sourceTree = "<group>"; };
		FF000003000000000000001 /* LibraryView.swift */ = {isa = PBXFileReference; lastKnownFileType = sourcecode.swift; path = LibraryView.swift; sourceTree = "<group>"; };
		FF000004000000000000001 /* VideoPlayerView.swift */ = {isa = PBXFileReference; lastKnownFileType = sourcecode.swift; path = VideoPlayerView.swift; sourceTree = "<group>"; };
		FF000005000000000000001 /* ExternalMusicProvider.swift */ = {isa = PBXFileReference; lastKnownFileType = sourcecode.swift; path = ExternalMusicProvider.swift; sourceTree = "<group>"; };
		FF000006000000000000001 /* SearchViewModel.swift */ = {isa = PBXFileReference; lastKnownFileType = sourcecode.swift; path = SearchViewModel.swift; sourceTree = "<group>"; };
		FF000007000000000000001 /* PlaylistManager.swift */ = {isa = PBXFileReference; lastKnownFileType = sourcecode.swift; path = PlaylistManager.swift; sourceTree = "<group>"; };
		FF000008000000000000001 /* TrendingService.swift */ = {isa = PBXFileReference; lastKnownFileType = sourcecode.swift; path = TrendingService.swift; sourceTree = "<group>"; };
		FF000009000000000000001 /* MoodManager.swift */ = {isa = PBXFileReference; lastKnownFileType = sourcecode.swift; path = MoodManager.swift; sourceTree = "<group>"; };
		FF00000A000000000000001 /* SurpriseMeGenerator.swift */ = {isa = PBXFileReference; lastKnownFileType = sourcecode.swift; path = SurpriseMeGenerator.swift; sourceTree = "<group>"; };
		FF00000B000000000000001 /* MusicalMatchService.swift */ = {isa = PBXFileReference; lastKnownFileType = sourcecode.swift; path = MusicalMatchService.swift; sourceTree = "<group>"; };
/* End PBXFileReference section */

/* Begin PBXFrameworksBuildPhase section */
		AA000001000000000000002 /* Frameworks */ = {
			isa = PBXFrameworksBuildPhase;
			buildActionMask = 2147483647;
			files = (
			);
			runOnlyForDeploymentPostprocessing = 0;
		};
/* End PBXFrameworksBuildPhase section */

/* Begin PBXGroup section */
		83CBB9F61A601CBA00E9B192 = {
			isa = PBXGroup;
			children = (
				83CBB9F91A601CBA00E9B192 /* Products */,
				AA000001000000000000025 /* MusicRanker */,
			);
			sourceTree = "<group>";
		};
		83CBB9F91A601CBA00E9B192 /* Products */ = {
			isa = PBXGroup;
			children = (
				83CBB9FA1A601CBA00E9B192 /* MusicRanker.app */,
			);
			name = Products;
			sourceTree = "<group>";
		};
		AA00000100000000000000A /* Views */ = {
			isa = PBXGroup;
			children = (
				DD000001000000000000001 /* DiscoverView.swift */,
				DD000001000000000000009 /* ForYouView.swift */,
				EE000001000000000000006 /* TrackDetailView.swift */,
				DD000001000000000000003 /* LikedSongsView.swift */,
				DD000001000000000000005 /* TasteProfileView.swift */,
				FF000001000000000000001 /* NowPlayingView.swift */,
				FF000002000000000000001 /* SearchView.swift */,
				FF000003000000000000001 /* LibraryView.swift */,
				FF000004000000000000001 /* VideoPlayerView.swift */,
			);
			path = Views;
			sourceTree = "<group>";
		};
		AA00000100000000000000B /* Models */ = {
			isa = PBXGroup;
			children = (
				AA000001000000000000017 /* PersistenceController.swift */,
				CC000001000000000000001 /* iTunesTrack.swift */,
			);
			path = Models;
			sourceTree = "<group>";
		};
		AA00000100000000000000C /* ViewModels */ = {
			isa = PBXGroup;
			children = (
				BB000001000000000000001 /* AudioPlayerManager.swift */,
				DD000001000000000000007 /* RecommendationEngine.swift */,
				FF000006000000000000001 /* SearchViewModel.swift */,
				FF000007000000000000001 /* PlaylistManager.swift */,
			);
			path = ViewModels;
			sourceTree = "<group>";
		};
		AA000001000000000000025 /* MusicRanker */ = {
			isa = PBXGroup;
			children = (
				AA00000100000000000000D /* MusicRankerApp.swift */,
				AA00000100000000000000F /* ContentView.swift */,
				AA00000100000000000000A /* Views */,
				AA00000100000000000000C /* ViewModels */,
				AA00000100000000000000B /* Models */,
				EE000001000000000000001 /* Services */,
				BB000001000000000000009 /* Utilities */,
				AA000001000000000000021 /* MusicRanker.xcdatamodeld */,
				AA00000100000000000001F /* Assets.xcassets */,
				AA00000100000000000001D /* Info.plist */,
				AA00000100000000000001E /* MusicRanker.entitlements */,
			);
			path = MusicRanker;
			sourceTree = "<group>";
		};
		BB000001000000000000009 /* Utilities */ = {
			isa = PBXGroup;
			children = (
				BB000001000000000000003 /* HapticManager.swift */,
			);
			path = Utilities;
			sourceTree = "<group>";
		};
		EE000001000000000000001 /* Services */ = {
			isa = PBXGroup;
			children = (
				EE000001000000000000002 /* iTunesService.swift */,
				EE000001000000000000004 /* ColorExtractor.swift */,
				FF000005000000000000001 /* ExternalMusicProvider.swift */,
				FF000008000000000000001 /* TrendingService.swift */,
				FF000009000000000000001 /* MoodManager.swift */,
				FF00000A000000000000001 /* SurpriseMeGenerator.swift */,
				FF00000B000000000000001 /* MusicalMatchService.swift */,
			);
			path = Services;
			sourceTree = "<group>";
		};
/* End PBXGroup section */

/* Begin PBXNativeTarget section */
		83CBB9F81A601CBA00E9B192 /* MusicRanker */ = {
			isa = PBXNativeTarget;
			buildConfigurationList = AA000001000000000000009 /* Build configuration list for PBXNativeTarget "MusicRanker" */;
			buildPhases = (
				AA000001000000000000001 /* Sources */,
				AA000001000000000000002 /* Frameworks */,
				AA000001000000000000003 /* Resources */,
			);
			buildRules = (
			);
			dependencies = (
			);
			name = MusicRanker;
			productName = MusicRanker;
			productReference = 83CBB9FA1A601CBA00E9B192 /* MusicRanker.app */;
			productType = "com.apple.product-type.application";
		};
/* End PBXNativeTarget section */

/* Begin PBXProject section */
		83CBB9F71A601CBA00E9B192 /* Project object */ = {
			isa = PBXProject;
			attributes = {
				BuildIndependentTargetsInParallel = 1;
				LastSwiftUpdateCheck = 1500;
				LastUpgradeCheck = 1500;
				TargetAttributes = {
					83CBB9F81A601CBA00E9B192 = {
						CreatedOnToolsVersion = 15.0;
					};
				};
			};
			buildConfigurationList = AA000001000000000000008 /* Build configuration list for PBXProject "MusicRanker" */;
			compatibilityVersion = "Xcode 14.0";
			developmentRegion = en;
			hasScannedForEncodings = 0;
			knownRegions = (
				en,
				Base,
			);
			mainGroup = 83CBB9F61A601CBA00E9B192;
			productRefGroup = 83CBB9F91A601CBA00E9B192 /* Products */;
			projectDirPath = "";
			projectRoot = "";
			targets = (
				83CBB9F81A601CBA00E9B192 /* MusicRanker */,
			);
		};
/* End PBXProject section */

/* Begin PBXResourcesBuildPhase section */
		AA000001000000000000003 /* Resources */ = {
			isa = PBXResourcesBuildPhase;
			buildActionMask = 2147483647;
			files = (
				AA000001000000000000020 /* Assets.xcassets in Resources */,
			);
			runOnlyForDeploymentPostprocessing = 0;
		};
/* End PBXResourcesBuildPhase section */

/* Begin PBXSourcesBuildPhase section */
		AA000001000000000000001 /* Sources */ = {
			isa = PBXSourcesBuildPhase;
			buildActionMask = 2147483647;
			files = (
				AA00000100000000000000E /* MusicRankerApp.swift in Sources */,
				AA000001000000000000010 /* ContentView.swift in Sources */,
				AA000001000000000000018 /* PersistenceController.swift in Sources */,
				AA000001000000000000022 /* MusicRanker.xcdatamodeld in Sources */,
				BB000001000000000000002 /* AudioPlayerManager.swift in Sources */,
				BB000001000000000000004 /* HapticManager.swift in Sources */,
				CC000001000000000000002 /* iTunesTrack.swift in Sources */,
				DD000001000000000000002 /* DiscoverView.swift in Sources */,
				DD000001000000000000004 /* LikedSongsView.swift in Sources */,
				DD000001000000000000006 /* TasteProfileView.swift in Sources */,
				DD000001000000000000008 /* RecommendationEngine.swift in Sources */,
				DD00000100000000000000A /* ForYouView.swift in Sources */,
				EE000001000000000000003 /* iTunesService.swift in Sources */,
				EE000001000000000000005 /* ColorExtractor.swift in Sources */,
				EE000001000000000000007 /* TrackDetailView.swift in Sources */,
				FF000001000000000000002 /* NowPlayingView.swift in Sources */,
				FF000002000000000000002 /* SearchView.swift in Sources */,
				FF000003000000000000002 /* LibraryView.swift in Sources */,
				FF000004000000000000002 /* VideoPlayerView.swift in Sources */,
				FF000005000000000000002 /* ExternalMusicProvider.swift in Sources */,
				FF000006000000000000002 /* SearchViewModel.swift in Sources */,
				FF000007000000000000002 /* PlaylistManager.swift in Sources */,
				FF000008000000000000002 /* TrendingService.swift in Sources */,
				FF000009000000000000002 /* MoodManager.swift in Sources */,
				FF00000A000000000000002 /* SurpriseMeGenerator.swift in Sources */,
				FF00000B000000000000002 /* MusicalMatchService.swift in Sources */,
			);
			runOnlyForDeploymentPostprocessing = 0;
		};
/* End PBXSourcesBuildPhase section */

/* Begin XCBuildConfiguration section */
		AA000001000000000000004 /* Debug */ = {
			isa = XCBuildConfiguration;
			buildSettings = {
				ALWAYS_SEARCH_USER_PATHS = NO;
				ASSETCATALOG_COMPILER_GENERATE_SWIFT_ASSET_SYMBOL_EXTENSIONS = YES;
				CLANG_ANALYZER_NONNULL = YES;
				CLANG_ANALYZER_NUMBER_OBJECT_CONVERSION = YES_AGGRESSIVE;
				CLANG_CXX_LANGUAGE_STANDARD = "gnu++20";
				CLANG_ENABLE_MODULES = YES;
				CLANG_ENABLE_OBJC_ARC = YES;
				CLANG_ENABLE_OBJC_WEAK = YES;
				CLANG_WARN_BLOCK_CAPTURE_AUTORELEASING = YES;
				CLANG_WARN_BOOL_CONVERSION = YES;
				CLANG_WARN_COMMA = YES;
				CLANG_WARN_CONSTANT_CONVERSION = YES;
				CLANG_WARN_DEPRECATED_OBJC_IMPLEMENTATIONS = YES;
				CLANG_WARN_DIRECT_OBJC_ISA_USAGE = YES_ERROR;
				CLANG_WARN_DOCUMENTATION_COMMENTS = YES;
				CLANG_WARN_EMPTY_BODY = YES;
				CLANG_WARN_ENUM_CONVERSION = YES;
				CLANG_WARN_INFINITE_RECURSION = YES;
				CLANG_WARN_INT_CONVERSION = YES;
				CLANG_WARN_NON_LITERAL_NULL_CONVERSION = YES;
				CLANG_WARN_OBJC_IMPLICIT_RETAIN_SELF = YES;
				CLANG_WARN_OBJC_LITERAL_CONVERSION = YES;
				CLANG_WARN_OBJC_ROOT_CLASS = YES_ERROR;
				CLANG_WARN_QUOTED_INCLUDE_IN_FRAMEWORK_HEADER = YES;
				CLANG_WARN_RANGE_LOOP_ANALYSIS = YES;
				CLANG_WARN_STRICT_PROTOTYPES = YES;
				CLANG_WARN_SUSPICIOUS_MOVE = YES;
				CLANG_WARN_UNGUARDED_AVAILABILITY = YES_AGGRESSIVE;
				CLANG_WARN_UNREACHABLE_CODE = YES;
				CLANG_WARN__DUPLICATE_METHOD_MATCH = YES;
				COPY_PHASE_STRIP = NO;
				DEBUG_INFORMATION_FORMAT = dwarf;
				ENABLE_STRICT_OBJC_MSGSEND = YES;
				ENABLE_TESTABILITY = YES;
				ENABLE_USER_SCRIPT_SANDBOXING = YES;
				GCC_C_LANGUAGE_STANDARD = gnu17;
				GCC_DYNAMIC_NO_PIC = NO;
				GCC_NO_COMMON_BLOCKS = YES;
				GCC_OPTIMIZATION_LEVEL = 0;
				GCC_PREPROCESSOR_DEFINITIONS = (
					"DEBUG=1",
					"$(inherited)",
				);
				GCC_WARN_64_TO_32_BIT_CONVERSION = YES;
				GCC_WARN_ABOUT_RETURN_TYPE = YES_ERROR;
				GCC_WARN_UNDECLARED_SELECTOR = YES;
				GCC_WARN_UNINITIALIZED_AUTOS = YES_AGGRESSIVE;
				GCC_WARN_UNUSED_FUNCTION = YES;
				GCC_WARN_UNUSED_VARIABLE = YES;
				IPHONEOS_DEPLOYMENT_TARGET = 26.0;
				MTL_ENABLE_DEBUG_INFO = INCLUDE_SOURCE;
				MTL_FAST_MATH = YES;
				ONLY_ACTIVE_ARCH = YES;
				SDKROOT = iphoneos;
				SWIFT_ACTIVE_COMPILATION_CONDITIONS = "DEBUG $(inherited)";
				SWIFT_OPTIMIZATION_LEVEL = "-Onone";
			};
			name = Debug;
		};
		AA000001000000000000005 /* Release */ = {
			isa = XCBuildConfiguration;
			buildSettings = {
				ALWAYS_SEARCH_USER_PATHS = NO;
				ASSETCATALOG_COMPILER_GENERATE_SWIFT_ASSET_SYMBOL_EXTENSIONS = YES;
				CLANG_ANALYZER_NONNULL = YES;
				CLANG_ANALYZER_NUMBER_OBJECT_CONVERSION = YES_AGGRESSIVE;
				CLANG_CXX_LANGUAGE_STANDARD = "gnu++20";
				CLANG_ENABLE_MODULES = YES;
				CLANG_ENABLE_OBJC_ARC = YES;
				CLANG_ENABLE_OBJC_WEAK = YES;
				CLANG_WARN_BLOCK_CAPTURE_AUTORELEASING = YES;
				CLANG_WARN_BOOL_CONVERSION = YES;
				CLANG_WARN_COMMA = YES;
				CLANG_WARN_CONSTANT_CONVERSION = YES;
				CLANG_WARN_DEPRECATED_OBJC_IMPLEMENTATIONS = YES;
				CLANG_WARN_DIRECT_OBJC_ISA_USAGE = YES_ERROR;
				CLANG_WARN_DOCUMENTATION_COMMENTS = YES;
				CLANG_WARN_EMPTY_BODY = YES;
				CLANG_WARN_ENUM_CONVERSION = YES;
				CLANG_WARN_INFINITE_RECURSION = YES;
				CLANG_WARN_INT_CONVERSION = YES;
				CLANG_WARN_NON_LITERAL_NULL_CONVERSION = YES;
				CLANG_WARN_OBJC_IMPLICIT_RETAIN_SELF = YES;
				CLANG_WARN_OBJC_LITERAL_CONVERSION = YES;
				CLANG_WARN_OBJC_ROOT_CLASS = YES_ERROR;
				CLANG_WARN_QUOTED_INCLUDE_IN_FRAMEWORK_HEADER = YES;
				CLANG_WARN_RANGE_LOOP_ANALYSIS = YES;
				CLANG_WARN_STRICT_PROTOTYPES = YES;
				CLANG_WARN_SUSPICIOUS_MOVE = YES;
				CLANG_WARN_UNGUARDED_AVAILABILITY = YES_AGGRESSIVE;
				CLANG_WARN_UNREACHABLE_CODE = YES;
				CLANG_WARN__DUPLICATE_METHOD_MATCH = YES;
				COPY_PHASE_STRIP = NO;
				DEBUG_INFORMATION_FORMAT = "dwarf-with-dsym";
				ENABLE_NS_ASSERTIONS = NO;
				ENABLE_STRICT_OBJC_MSGSEND = YES;
				ENABLE_USER_SCRIPT_SANDBOXING = YES;
				GCC_C_LANGUAGE_STANDARD = gnu17;
				GCC_NO_COMMON_BLOCKS = YES;
				GCC_WARN_64_TO_32_BIT_CONVERSION = YES;
				GCC_WARN_ABOUT_RETURN_TYPE = YES_ERROR;
				GCC_WARN_UNDECLARED_SELECTOR = YES;
				GCC_WARN_UNINITIALIZED_AUTOS = YES_AGGRESSIVE;
				GCC_WARN_UNUSED_FUNCTION = YES;
				GCC_WARN_UNUSED_VARIABLE = YES;
				IPHONEOS_DEPLOYMENT_TARGET = 26.0;
				MTL_FAST_MATH = YES;
				SDKROOT = iphoneos;
				SWIFT_COMPILATION_MODE = wholemodule;
				VALIDATE_PRODUCT = YES;
			};
			name = Release;
		};
		AA000001000000000000006 /* Debug */ = {
			isa = XCBuildConfiguration;
			buildSettings = {
				ASSETCATALOG_COMPILER_APPICON_NAME = AppIcon;
				ASSETCATALOG_COMPILER_GLOBAL_ACCENT_COLOR_NAME = AccentColor;
				CODE_SIGN_ENTITLEMENTS = MusicRanker/MusicRanker.entitlements;
				CODE_SIGN_STYLE = Automatic;
				CURRENT_PROJECT_VERSION = 1;
				DEVELOPMENT_ASSET_PATHS = "";
				DEVELOPMENT_TEAM = AAW3RXA736;
				ENABLE_PREVIEWS = YES;
				GENERATE_INFOPLIST_FILE = NO;
				INFOPLIST_FILE = MusicRanker/Info.plist;
				INFOPLIST_KEY_UIApplicationSceneManifest_Generation = NO;
				INFOPLIST_KEY_UILaunchScreen_Generation = NO;
				LD_RUNPATH_SEARCH_PATHS = (
					"$(inherited)",
					"@executable_path/Frameworks",
				);
				MARKETING_VERSION = 3.1;
				PRODUCT_BUNDLE_IDENTIFIER = com.thomasferriere.MusicRanker;
				PRODUCT_NAME = "$(TARGET_NAME)";
				SWIFT_EMIT_LOC_STRINGS = YES;
				SWIFT_VERSION = 5.0;
				TARGETED_DEVICE_FAMILY = "1,2";
			};
			name = Debug;
		};
		AA000001000000000000007 /* Release */ = {
			isa = XCBuildConfiguration;
			buildSettings = {
				ASSETCATALOG_COMPILER_APPICON_NAME = AppIcon;
				ASSETCATALOG_COMPILER_GLOBAL_ACCENT_COLOR_NAME = AccentColor;
				CODE_SIGN_ENTITLEMENTS = MusicRanker/MusicRanker.entitlements;
				CODE_SIGN_STYLE = Automatic;
				CURRENT_PROJECT_VERSION = 1;
				DEVELOPMENT_ASSET_PATHS = "";
				DEVELOPMENT_TEAM = AAW3RXA736;
				ENABLE_PREVIEWS = YES;
				GENERATE_INFOPLIST_FILE = NO;
				INFOPLIST_FILE = MusicRanker/Info.plist;
				INFOPLIST_KEY_UIApplicationSceneManifest_Generation = NO;
				INFOPLIST_KEY_UILaunchScreen_Generation = NO;
				LD_RUNPATH_SEARCH_PATHS = (
					"$(inherited)",
					"@executable_path/Frameworks",
				);
				MARKETING_VERSION = 3.1;
				PRODUCT_BUNDLE_IDENTIFIER = com.thomasferriere.MusicRanker;
				PRODUCT_NAME = "$(TARGET_NAME)";
				SWIFT_EMIT_LOC_STRINGS = YES;
				SWIFT_VERSION = 5.0;
				TARGETED_DEVICE_FAMILY = "1,2";
			};
			name = Release;
		};
/* End XCBuildConfiguration section */

/* Begin XCConfigurationList section */
		AA000001000000000000008 /* Build configuration list for PBXProject "MusicRanker" */ = {
			isa = XCConfigurationList;
			buildConfigurations = (
				AA000001000000000000004 /* Debug */,
				AA000001000000000000005 /* Release */,
			);
			defaultConfigurationIsVisible = 0;
			defaultConfigurationName = Release;
		};
		AA000001000000000000009 /* Build configuration list for PBXNativeTarget "MusicRanker" */ = {
			isa = XCConfigurationList;
			buildConfigurations = (
				AA000001000000000000006 /* Debug */,
				AA000001000000000000007 /* Release */,
			);
			defaultConfigurationIsVisible = 0;
			defaultConfigurationName = Release;
		};
/* End XCConfigurationList section */
	};
	rootObject = 83CBB9F71A601CBA00E9B192 /* Project object */;
}
